
Microsoft Visual Studio Solution File, Format Version 12.00
# Visual Studio Version 17
VisualStudioVersion = 17.13.35818.85 d17.13
MinimumVisualStudioVersion = 10.0.40219.1
Project("{FAE04EC0-301F-11D3-BF4B-00C04F79EFBC}") = "calc", "calc.csproj", "{6B9466F7-4802-4059-B0DF-62BCC4CD95AD}"
EndProject
Global
	GlobalSection(SolutionConfigurationPlatforms) = preSolution
		Debug|Any CPU = Debug|Any CPU
		Release|Any CPU = Release|Any CPU
	EndGlobalSection
	GlobalSection(ProjectConfigurationPlatforms) = postSolution
		{6B9466F7-4802-4059-B0DF-62BCC4CD95AD}.Debug|Any CPU.ActiveCfg = Debug|Any CPU
		{6B9466F7-4802-4059-B0DF-62BCC4CD95AD}.Debug|Any CPU.Build.0 = Debug|Any CPU
		{6B9466F7-4802-4059-B0DF-62BCC4CD95AD}.Release|Any CPU.ActiveCfg = Release|Any CPU
		{6B9466F7-4802-4059-B0DF-62BCC4CD95AD}.Release|Any CPU.Build.0 = Release|Any CPU
	EndGlobalSection
	GlobalSection(SolutionProperties) = preSolution
		HideSolutionNode = FALSE
	EndGlobalSection
	GlobalSection(ExtensibilityGlobals) = postSolution
		SolutionGuid = {EE4BFC28-F744-4F41-8999-5D5C2C29C46F}
	EndGlobalSection
EndGlobal
